{
  "name": "isomorphic-url-shim",
  "version": "1.0.2",
  "lockfileVersion": 1,
  "requires": true,
  "dependencies": {
    "url-ponyfill": {
      "version": "0.5.8",
      "resolved": "https://registry.npmjs.org/url-ponyfill/-/url-ponyfill-0.5.8.tgz",
      "integrity": "sha512-VdPQXmhKDE1C8iVMFUeH06Mze1uIz/8ZnORxOyPChqOBBHkmuN+1Qf9UneWqKsOMA6WGfj/Mcl4Tj2hTVFSJuA=="
    }
  }
}
